
Microsoft Visual Studio Solution File, Format Version 12.00
# Visual Studio 15
VisualStudioVersion = 15.0.28010.2026
MinimumVisualStudioVersion = 10.0.40219.1
Project("{888888A0-9F3D-457C-B088-3A5042F75D52}") = "NNSolarPower", "NNSolarPower\NNSolarPower.pyproj", "{6052B1E9-5292-4A6C-9441-C146B6E554A6}"
EndProject
Global
	GlobalSection(SolutionConfigurationPlatforms) = preSolution
		Debug|Any CPU = Debug|Any CPU
		Release|Any CPU = Release|Any CPU
	EndGlobalSection
	GlobalSection(ProjectConfigurationPlatforms) = postSolution
		{6052B1E9-5292-4A6C-9441-C146B6E554A6}.Debug|Any CPU.ActiveCfg = Debug|Any CPU
		{6052B1E9-5292-4A6C-9441-C146B6E554A6}.Release|Any CPU.ActiveCfg = Release|Any CPU
	EndGlobalSection
	GlobalSection(SolutionProperties) = preSolution
		HideSolutionNode = FALSE
	EndGlobalSection
	GlobalSection(ExtensibilityGlobals) = postSolution
		SolutionGuid = {9D2EED9B-8726-4BCB-ABBE-AE8CFB66BF1A}
	EndGlobalSection
EndGlobal
